// !$*UTF8*$!
{
	archiveVersion = 1;
	classes = {
	};
	objectVersion = 46;
	objects = {

/* Begin PBXBuildFile section */
		D9822C941AE584CD00A1E988 /* AppDelegate.swift in Sources */ = {isa = PBXBuildFile; fileRef = D9822C931AE584CD00A1E988 /* AppDelegate.swift */; };
		D9822C991AE584CD00A1E988 /* Main.storyboard in Resources */ = {isa = PBXBuildFile; fileRef = D9822C971AE584CD00A1E988 /* Main.storyboard */; };
		D9822C9B1AE584CD00A1E988 /* Images.xcassets in Resources */ = {isa = PBXBuildFile; fileRef = D9822C9A1AE584CD00A1E988 /* Images.xcassets */; };
		D9822CAA1AE584CD00A1E988 /* Joseph_DuffyTests.swift in Sources */ = {isa = PBXBuildFile; fileRef = D9822CA91AE584CD00A1E988 /* Joseph_DuffyTests.swift */; };
		D9822CB51AE5860800A1E988 /* AboutMeViewController.swift in Sources */ = {isa = PBXBuildFile; fileRef = D9822CB41AE5860800A1E988 /* AboutMeViewController.swift */; };
		D9822CB71AE5861000A1E988 /* AboutViewController.swift in Sources */ = {isa = PBXBuildFile; fileRef = D9822CB61AE5861000A1E988 /* AboutViewController.swift */; };
		D9822CB91AE5867600A1E988 /* ContainerViewController.swift in Sources */ = {isa = PBXBuildFile; fileRef = D9822CB81AE5867600A1E988 /* ContainerViewController.swift */; };
		D9822CBF1AE5AC1800A1E988 /* BlurStoryboardSegue.swift in Sources */ = {isa = PBXBuildFile; fileRef = D9822CBE1AE5AC1800A1E988 /* BlurStoryboardSegue.swift */; };
		D9822CC11AE6426B00A1E988 /* ZoomStoryboardSegue.swift in Sources */ = {isa = PBXBuildFile; fileRef = D9822CC01AE6426B00A1E988 /* ZoomStoryboardSegue.swift */; };
		D9822CC61AE668CC00A1E988 /* HomeCollectionViewController.swift in Sources */ = {isa = PBXBuildFile; fileRef = D9822CC41AE668CC00A1E988 /* HomeCollectionViewController.swift */; };
		D9822CC71AE668CC00A1E988 /* HomeCollectionViewCell.swift in Sources */ = {isa = PBXBuildFile; fileRef = D9822CC51AE668CC00A1E988 /* HomeCollectionViewCell.swift */; };
		D9822CC91AE6699300A1E988 /* AppSection.swift in Sources */ = {isa = PBXBuildFile; fileRef = D9822CC81AE6699300A1E988 /* AppSection.swift */; };
		D9822CCC1AE67E4600A1E988 /* SectionViewController.swift in Sources */ = {isa = PBXBuildFile; fileRef = D9822CCB1AE67E4600A1E988 /* SectionViewController.swift */; };
		D9822CCE1AE6CFA900A1E988 /* GatheredViewController.swift in Sources */ = {isa = PBXBuildFile; fileRef = D9822CCD1AE6CFA900A1E988 /* GatheredViewController.swift */; };
		D9822CD01AE6D2AE00A1E988 /* StoreKit.framework in Frameworks */ = {isa = PBXBuildFile; fileRef = D9822CCF1AE6D2AE00A1E988 /* StoreKit.framework */; };
		D9822CD21AE6DFCB00A1E988 /* FourSquaresViewController.swift in Sources */ = {isa = PBXBuildFile; fileRef = D9822CD11AE6DFCB00A1E988 /* FourSquaresViewController.swift */; };
		D9822CD41AE6E04200A1E988 /* AppSectionViewController.swift in Sources */ = {isa = PBXBuildFile; fileRef = D9822CD31AE6E04200A1E988 /* AppSectionViewController.swift */; };
		D9822CD91AE7CDCD00A1E988 /* Records On Wall.jpg in Resources */ = {isa = PBXBuildFile; fileRef = D9822CD81AE7CDCD00A1E988 /* Records On Wall.jpg */; };
		D9822CDD1AE7CDF200A1E988 /* Humber Bridge Panorama.jpg in Resources */ = {isa = PBXBuildFile; fileRef = D9822CDC1AE7CDF200A1E988 /* Humber Bridge Panorama.jpg */; };
		D988E10B1AE7E745009726FB /* Photo of Me.jpg in Resources */ = {isa = PBXBuildFile; fileRef = D988E10A1AE7E745009726FB /* Photo of Me.jpg */; };
		D988E10D1AE7EC16009726FB /* Beethoven Symphony No.9 Cover.jpg in Resources */ = {isa = PBXBuildFile; fileRef = D988E10C1AE7EC16009726FB /* Beethoven Symphony No.9 Cover.jpg */; };
		D988E10F1AE81750009726FB /* AccessibilitySectionViewController.swift in Sources */ = {isa = PBXBuildFile; fileRef = D988E10E1AE81750009726FB /* AccessibilitySectionViewController.swift */; };
		D9F79E0B1AE8266500072862 /* UIView+Dimensions.swift in Sources */ = {isa = PBXBuildFile; fileRef = D9F79E0A1AE8266500072862 /* UIView+Dimensions.swift */; };
		D9F79E0D1AE845FA00072862 /* WorkAndEducationViewController.swift in Sources */ = {isa = PBXBuildFile; fileRef = D9F79E0C1AE845FA00072862 /* WorkAndEducationViewController.swift */; };
		D9F79E0F1AEBC50800072862 /* HobbiesViewController.swift in Sources */ = {isa = PBXBuildFile; fileRef = D9F79E0E1AEBC50800072862 /* HobbiesViewController.swift */; };
/* End PBXBuildFile section */

/* Begin PBXContainerItemProxy section */
		D9822CA41AE584CD00A1E988 /* PBXContainerItemProxy */ = {
			isa = PBXContainerItemProxy;
			containerPortal = D9822C861AE584CD00A1E988 /* Project object */;
			proxyType = 1;
			remoteGlobalIDString = D9822C8D1AE584CD00A1E988;
			remoteInfo = "Joseph Duffy";
		};
/* End PBXContainerItemProxy section */

/* Begin PBXFileReference section */
		D9822C8E1AE584CD00A1E988 /* Joseph Duffy.app */ = {isa = PBXFileReference; explicitFileType = wrapper.application; includeInIndex = 0; path = "Joseph Duffy.app"; sourceTree = BUILT_PRODUCTS_DIR; };
		D9822C921AE584CD00A1E988 /* Info.plist */ = {isa = PBXFileReference; lastKnownFileType = text.plist.xml; path = Info.plist; sourceTree = "<group>"; };
		D9822C931AE584CD00A1E988 /* AppDelegate.swift */ = {isa = PBXFileReference; lastKnownFileType = sourcecode.swift; path = AppDelegate.swift; sourceTree = "<group>"; };
		D9822C981AE584CD00A1E988 /* Base */ = {isa = PBXFileReference; lastKnownFileType = file.storyboard; name = Base; path = Base.lproj/Main.storyboard; sourceTree = "<group>"; };
		D9822C9A1AE584CD00A1E988 /* Images.xcassets */ = {isa = PBXFileReference; lastKnownFileType = folder.assetcatalog; path = Images.xcassets; sourceTree = "<group>"; };
		D9822CA31AE584CD00A1E988 /* Joseph DuffyTests.xctest */ = {isa = PBXFileReference; explicitFileType = wrapper.cfbundle; includeInIndex = 0; path = "Joseph DuffyTests.xctest"; sourceTree = BUILT_PRODUCTS_DIR; };
		D9822CA81AE584CD00A1E988 /* Info.plist */ = {isa = PBXFileReference; lastKnownFileType = text.plist.xml; path = Info.plist; sourceTree = "<group>"; };
		D9822CA91AE584CD00A1E988 /* Joseph_DuffyTests.swift */ = {isa = PBXFileReference; lastKnownFileType = sourcecode.swift; path = Joseph_DuffyTests.swift; sourceTree = "<group>"; };
		D9822CB41AE5860800A1E988 /* AboutMeViewController.swift */ = {isa = PBXFileReference; fileEncoding = 4; lastKnownFileType = sourcecode.swift; path = AboutMeViewController.swift; sourceTree = "<group>"; };
		D9822CB61AE5861000A1E988 /* AboutViewController.swift */ = {isa = PBXFileReference; fileEncoding = 4; lastKnownFileType = sourcecode.swift; path = AboutViewController.swift; sourceTree = "<group>"; };
		D9822CB81AE5867600A1E988 /* ContainerViewController.swift */ = {isa = PBXFileReference; fileEncoding = 4; lastKnownFileType = sourcecode.swift; path = ContainerViewController.swift; sourceTree = "<group>"; };
		D9822CBE1AE5AC1800A1E988 /* BlurStoryboardSegue.swift */ = {isa = PBXFileReference; fileEncoding = 4; lastKnownFileType = sourcecode.swift; path = BlurStoryboardSegue.swift; sourceTree = "<group>"; };
		D9822CC01AE6426B00A1E988 /* ZoomStoryboardSegue.swift */ = {isa = PBXFileReference; fileEncoding = 4; lastKnownFileType = sourcecode.swift; path = ZoomStoryboardSegue.swift; sourceTree = "<group>"; };
		D9822CC41AE668CC00A1E988 /* HomeCollectionViewController.swift */ = {isa = PBXFileReference; fileEncoding = 4; lastKnownFileType = sourcecode.swift; path = HomeCollectionViewController.swift; sourceTree = "<group>"; };
		D9822CC51AE668CC00A1E988 /* HomeCollectionViewCell.swift */ = {isa = PBXFileReference; fileEncoding = 4; lastKnownFileType = sourcecode.swift; path = HomeCollectionViewCell.swift; sourceTree = "<group>"; };
		D9822CC81AE6699300A1E988 /* AppSection.swift */ = {isa = PBXFileReference; fileEncoding = 4; lastKnownFileType = sourcecode.swift; path = AppSection.swift; sourceTree = "<group>"; };
		D9822CCB1AE67E4600A1E988 /* SectionViewController.swift */ = {isa = PBXFileReference; fileEncoding = 4; lastKnownFileType = sourcecode.swift; path = SectionViewController.swift; sourceTree = "<group>"; };
		D9822CCD1AE6CFA900A1E988 /* GatheredViewController.swift */ = {isa = PBXFileReference; fileEncoding = 4; lastKnownFileType = sourcecode.swift; path = GatheredViewController.swift; sourceTree = "<group>"; };
		D9822CCF1AE6D2AE00A1E988 /* StoreKit.framework */ = {isa = PBXFileReference; lastKnownFileType = wrapper.framework; name = StoreKit.framework; path = System/Library/Frameworks/StoreKit.framework; sourceTree = SDKROOT; };
		D9822CD11AE6DFCB00A1E988 /* FourSquaresViewController.swift */ = {isa = PBXFileReference; fileEncoding = 4; lastKnownFileType = sourcecode.swift; path = FourSquaresViewController.swift; sourceTree = "<group>"; };
		D9822CD31AE6E04200A1E988 /* AppSectionViewController.swift */ = {isa = PBXFileReference; fileEncoding = 4; lastKnownFileType = sourcecode.swift; path = AppSectionViewController.swift; sourceTree = "<group>"; };
		D9822CD81AE7CDCD00A1E988 /* Records On Wall.jpg */ = {isa = PBXFileReference; lastKnownFileType = image.jpeg; path = "Records On Wall.jpg"; sourceTree = "<group>"; };
		D9822CDC1AE7CDF200A1E988 /* Humber Bridge Panorama.jpg */ = {isa = PBXFileReference; lastKnownFileType = image.jpeg; path = "Humber Bridge Panorama.jpg"; sourceTree = "<group>"; };
		D988E10A1AE7E745009726FB /* Photo of Me.jpg */ = {isa = PBXFileReference; lastKnownFileType = image.jpeg; path = "Photo of Me.jpg"; sourceTree = "<group>"; };
		D988E10C1AE7EC16009726FB /* Beethoven Symphony No.9 Cover.jpg */ = {isa = PBXFileReference; lastKnownFileType = image.jpeg; path = "Beethoven Symphony No.9 Cover.jpg"; sourceTree = "<group>"; };
		D988E10E1AE81750009726FB /* AccessibilitySectionViewController.swift */ = {isa = PBXFileReference; fileEncoding = 4; lastKnownFileType = sourcecode.swift; path = AccessibilitySectionViewController.swift; sourceTree = "<group>"; };
		D9F79E0A1AE8266500072862 /* UIView+Dimensions.swift */ = {isa = PBXFileReference; fileEncoding = 4; lastKnownFileType = sourcecode.swift; path = "UIView+Dimensions.swift"; sourceTree = "<group>"; };
		D9F79E0C1AE845FA00072862 /* WorkAndEducationViewController.swift */ = {isa = PBXFileReference; fileEncoding = 4; lastKnownFileType = sourcecode.swift; path = WorkAndEducationViewController.swift; sourceTree = "<group>"; };
		D9F79E0E1AEBC50800072862 /* HobbiesViewController.swift */ = {isa = PBXFileReference; fileEncoding = 4; lastKnownFileType = sourcecode.swift; path = HobbiesViewController.swift; sourceTree = "<group>"; };
/* End PBXFileReference section */

/* Begin PBXFrameworksBuildPhase section */
		D9822C8B1AE584CD00A1E988 /* Frameworks */ = {
			isa = PBXFrameworksBuildPhase;
			buildActionMask = 2147483647;
			files = (
				D9822CD01AE6D2AE00A1E988 /* StoreKit.framework in Frameworks */,
			);
			runOnlyForDeploymentPostprocessing = 0;
		};
		D9822CA01AE584CD00A1E988 /* Frameworks */ = {
			isa = PBXFrameworksBuildPhase;
			buildActionMask = 2147483647;
			files = (
			);
			runOnlyForDeploymentPostprocessing = 0;
		};
/* End PBXFrameworksBuildPhase section */

/* Begin PBXGroup section */
		D9822C851AE584CD00A1E988 = {
			isa = PBXGroup;
			children = (
				D9822C901AE584CD00A1E988 /* Joseph Duffy */,
				D9822CA61AE584CD00A1E988 /* Joseph DuffyTests */,
				D9822C8F1AE584CD00A1E988 /* Products */,
			);
			sourceTree = "<group>";
		};
		D9822C8F1AE584CD00A1E988 /* Products */ = {
			isa = PBXGroup;
			children = (
				D9822C8E1AE584CD00A1E988 /* Joseph Duffy.app */,
				D9822CA31AE584CD00A1E988 /* Joseph DuffyTests.xctest */,
			);
			name = Products;
			sourceTree = "<group>";
		};
		D9822C901AE584CD00A1E988 /* Joseph Duffy */ = {
			isa = PBXGroup;
			children = (
				D9822CD51AE7C65900A1E988 /* Photos */,
				D9822CCA1AE66AE900A1E988 /* View */,
				D9822CB31AE585FC00A1E988 /* Controllers */,
				D9822C931AE584CD00A1E988 /* AppDelegate.swift */,
				D9822C971AE584CD00A1E988 /* Main.storyboard */,
				D9822C9A1AE584CD00A1E988 /* Images.xcassets */,
				D9822C911AE584CD00A1E988 /* Supporting Files */,
				D9822CBE1AE5AC1800A1E988 /* BlurStoryboardSegue.swift */,
				D9822CC01AE6426B00A1E988 /* ZoomStoryboardSegue.swift */,
				D9822CB61AE5861000A1E988 /* AboutViewController.swift */,
			);
			path = "Joseph Duffy";
			sourceTree = "<group>";
		};
		D9822C911AE584CD00A1E988 /* Supporting Files */ = {
			isa = PBXGroup;
			children = (
				D9822CCF1AE6D2AE00A1E988 /* StoreKit.framework */,
				D9822C921AE584CD00A1E988 /* Info.plist */,
			);
			name = "Supporting Files";
			sourceTree = "<group>";
		};
		D9822CA61AE584CD00A1E988 /* Joseph DuffyTests */ = {
			isa = PBXGroup;
			children = (
				D9822CA91AE584CD00A1E988 /* Joseph_DuffyTests.swift */,
				D9822CA71AE584CD00A1E988 /* Supporting Files */,
			);
			path = "Joseph DuffyTests";
			sourceTree = "<group>";
		};
		D9822CA71AE584CD00A1E988 /* Supporting Files */ = {
			isa = PBXGroup;
			children = (
				D9822CA81AE584CD00A1E988 /* Info.plist */,
			);
			name = "Supporting Files";
			sourceTree = "<group>";
		};
		D9822CB31AE585FC00A1E988 /* Controllers */ = {
			isa = PBXGroup;
			children = (
				D9822CC81AE6699300A1E988 /* AppSection.swift */,
				D9822CC21AE6649B00A1E988 /* Menu */,
				D9822CC31AE664A900A1E988 /* Sections */,
			);
			name = Controllers;
			sourceTree = "<group>";
		};
		D9822CC21AE6649B00A1E988 /* Menu */ = {
			isa = PBXGroup;
			children = (
				D9822CC41AE668CC00A1E988 /* HomeCollectionViewController.swift */,
				D9822CC51AE668CC00A1E988 /* HomeCollectionViewCell.swift */,
			);
			name = Menu;
			sourceTree = "<group>";
		};
		D9822CC31AE664A900A1E988 /* Sections */ = {
			isa = PBXGroup;
			children = (
				D9822CB81AE5867600A1E988 /* ContainerViewController.swift */,
				D9822CCB1AE67E4600A1E988 /* SectionViewController.swift */,
				D9822CB41AE5860800A1E988 /* AboutMeViewController.swift */,
				D9822CD31AE6E04200A1E988 /* AppSectionViewController.swift */,
				D9822CCD1AE6CFA900A1E988 /* GatheredViewController.swift */,
				D9822CD11AE6DFCB00A1E988 /* FourSquaresViewController.swift */,
				D988E10E1AE81750009726FB /* AccessibilitySectionViewController.swift */,
				D9F79E0C1AE845FA00072862 /* WorkAndEducationViewController.swift */,
				D9F79E0E1AEBC50800072862 /* HobbiesViewController.swift */,
			);
			name = Sections;
			sourceTree = "<group>";
		};
		D9822CCA1AE66AE900A1E988 /* View */ = {
			isa = PBXGroup;
			children = (
				D9F79E0A1AE8266500072862 /* UIView+Dimensions.swift */,
			);
			name = View;
			sourceTree = "<group>";
		};
		D9822CD51AE7C65900A1E988 /* Photos */ = {
			isa = PBXGroup;
			children = (
				D988E10A1AE7E745009726FB /* Photo of Me.jpg */,
				D9822CD81AE7CDCD00A1E988 /* Records On Wall.jpg */,
				D9822CDC1AE7CDF200A1E988 /* Humber Bridge Panorama.jpg */,
				D988E10C1AE7EC16009726FB /* Beethoven Symphony No.9 Cover.jpg */,
			);
			path = Photos;
			sourceTree = "<group>";
		};
/* End PBXGroup section */

/* Begin PBXNativeTarget section */
		D9822C8D1AE584CD00A1E988 /* Joseph Duffy */ = {
			isa = PBXNativeTarget;
			buildConfigurationList = D9822CAD1AE584CD00A1E988 /* Build configuration list for PBXNativeTarget "Joseph Duffy" */;
			buildPhases = (
				D9822C8A1AE584CD00A1E988 /* Sources */,
				D9822C8B1AE584CD00A1E988 /* Frameworks */,
				D9822C8C1AE584CD00A1E988 /* Resources */,
			);
			buildRules = (
			);
			dependencies = (
			);
			name = "Joseph Duffy";
			productName = "Joseph Duffy";
			productReference = D9822C8E1AE584CD00A1E988 /* Joseph Duffy.app */;
			productType = "com.apple.product-type.application";
		};
		D9822CA21AE584CD00A1E988 /* Joseph DuffyTests */ = {
			isa = PBXNativeTarget;
			buildConfigurationList = D9822CB01AE584CD00A1E988 /* Build configuration list for PBXNativeTarget "Joseph DuffyTests" */;
			buildPhases = (
				D9822C9F1AE584CD00A1E988 /* Sources */,
				D9822CA01AE584CD00A1E988 /* Frameworks */,
				D9822CA11AE584CD00A1E988 /* Resources */,
			);
			buildRules = (
			);
			dependencies = (
				D9822CA51AE584CD00A1E988 /* PBXTargetDependency */,
			);
			name = "Joseph DuffyTests";
			productName = "Joseph DuffyTests";
			productReference = D9822CA31AE584CD00A1E988 /* Joseph DuffyTests.xctest */;
			productType = "com.apple.product-type.bundle.unit-test";
		};
/* End PBXNativeTarget section */

/* Begin PBXProject section */
		D9822C861AE584CD00A1E988 /* Project object */ = {
			isa = PBXProject;
			attributes = {
				LastUpgradeCheck = 0630;
				ORGANIZATIONNAME = "Yetii Ltd.";
				TargetAttributes = {
					D9822C8D1AE584CD00A1E988 = {
						CreatedOnToolsVersion = 6.3;
					};
					D9822CA21AE584CD00A1E988 = {
						CreatedOnToolsVersion = 6.3;
						TestTargetID = D9822C8D1AE584CD00A1E988;
					};
				};
			};
			buildConfigurationList = D9822C891AE584CD00A1E988 /* Build configuration list for PBXProject "Joseph Duffy" */;
			compatibilityVersion = "Xcode 3.2";
			developmentRegion = English;
			hasScannedForEncodings = 0;
			knownRegions = (
				en,
				Base,
			);
			mainGroup = D9822C851AE584CD00A1E988;
			productRefGroup = D9822C8F1AE584CD00A1E988 /* Products */;
			projectDirPath = "";
			projectRoot = "";
			targets = (
				D9822C8D1AE584CD00A1E988 /* Joseph Duffy */,
				D9822CA21AE584CD00A1E988 /* Joseph DuffyTests */,
			);
		};
/* End PBXProject section */

/* Begin PBXResourcesBuildPhase section */
		D9822C8C1AE584CD00A1E988 /* Resources */ = {
			isa = PBXResourcesBuildPhase;
			buildActionMask = 2147483647;
			files = (
				D9822C991AE584CD00A1E988 /* Main.storyboard in Resources */,
				D9822CD91AE7CDCD00A1E988 /* Records On Wall.jpg in Resources */,
				D9822C9B1AE584CD00A1E988 /* Images.xcassets in Resources */,
				D9822CDD1AE7CDF200A1E988 /* Humber Bridge Panorama.jpg in Resources */,
				D988E10D1AE7EC16009726FB /* Beethoven Symphony No.9 Cover.jpg in Resources */,
				D988E10B1AE7E745009726FB /* Photo of Me.jpg in Resources */,
			);
			runOnlyForDeploymentPostprocessing = 0;
		};
		D9822CA11AE584CD00A1E988 /* Resources */ = {
			isa = PBXResourcesBuildPhase;
			buildActionMask = 2147483647;
			files = (
			);
			runOnlyForDeploymentPostprocessing = 0;
		};
/* End PBXResourcesBuildPhase section */

/* Begin PBXSourcesBuildPhase section */
		D9822C8A1AE584CD00A1E988 /* Sources */ = {
			isa = PBXSourcesBuildPhase;
			buildActionMask = 2147483647;
			files = (
				D9822CB51AE5860800A1E988 /* AboutMeViewController.swift in Sources */,
				D9822CC61AE668CC00A1E988 /* HomeCollectionViewController.swift in Sources */,
				D9822CBF1AE5AC1800A1E988 /* BlurStoryboardSegue.swift in Sources */,
				D9822CD21AE6DFCB00A1E988 /* FourSquaresViewController.swift in Sources */,
				D9822CC71AE668CC00A1E988 /* HomeCollectionViewCell.swift in Sources */,
				D9822CC11AE6426B00A1E988 /* ZoomStoryboardSegue.swift in Sources */,
				D9822CCE1AE6CFA900A1E988 /* GatheredViewController.swift in Sources */,
				D9822CB91AE5867600A1E988 /* ContainerViewController.swift in Sources */,
				D9822CC91AE6699300A1E988 /* AppSection.swift in Sources */,
				D9822CB71AE5861000A1E988 /* AboutViewController.swift in Sources */,
				D9822CCC1AE67E4600A1E988 /* SectionViewController.swift in Sources */,
				D9F79E0D1AE845FA00072862 /* WorkAndEducationViewController.swift in Sources */,
				D9822CD41AE6E04200A1E988 /* AppSectionViewController.swift in Sources */,
				D9822C941AE584CD00A1E988 /* AppDelegate.swift in Sources */,
				D9F79E0F1AEBC50800072862 /* HobbiesViewController.swift in Sources */,
				D988E10F1AE81750009726FB /* AccessibilitySectionViewController.swift in Sources */,
				D9F79E0B1AE8266500072862 /* UIView+Dimensions.swift in Sources */,
			);
			runOnlyForDeploymentPostprocessing = 0;
		};
		D9822C9F1AE584CD00A1E988 /* Sources */ = {
			isa = PBXSourcesBuildPhase;
			buildActionMask = 2147483647;
			files = (
				D9822CAA1AE584CD00A1E988 /* Joseph_DuffyTests.swift in Sources */,
			);
			runOnlyForDeploymentPostprocessing = 0;
		};
/* End PBXSourcesBuildPhase section */

/* Begin PBXTargetDependency section */
		D9822CA51AE584CD00A1E988 /* PBXTargetDependency */ = {
			isa = PBXTargetDependency;
			target = D9822C8D1AE584CD00A1E988 /* Joseph Duffy */;
			targetProxy = D9822CA41AE584CD00A1E988 /* PBXContainerItemProxy */;
		};
/* End PBXTargetDependency section */

/* Begin PBXVariantGroup section */
		D9822C971AE584CD00A1E988 /* Main.storyboard */ = {
			isa = PBXVariantGroup;
			children = (
				D9822C981AE584CD00A1E988 /* Base */,
			);
			name = Main.storyboard;
			sourceTree = "<group>";
		};
/* End PBXVariantGroup section */

/* Begin XCBuildConfiguration section */
		D9822CAB1AE584CD00A1E988 /* Debug */ = {
			isa = XCBuildConfiguration;
			buildSettings = {
				ALWAYS_SEARCH_USER_PATHS = NO;
				CLANG_CXX_LANGUAGE_STANDARD = "gnu++0x";
				CLANG_CXX_LIBRARY = "libc++";
				CLANG_ENABLE_MODULES = YES;
				CLANG_ENABLE_OBJC_ARC = YES;
				CLANG_WARN_BOOL_CONVERSION = YES;
				CLANG_WARN_CONSTANT_CONVERSION = YES;
				CLANG_WARN_DIRECT_OBJC_ISA_USAGE = YES_ERROR;
				CLANG_WARN_EMPTY_BODY = YES;
				CLANG_WARN_ENUM_CONVERSION = YES;
				CLANG_WARN_INT_CONVERSION = YES;
				CLANG_WARN_OBJC_ROOT_CLASS = YES_ERROR;
				CLANG_WARN_UNREACHABLE_CODE = YES;
				CLANG_WARN__DUPLICATE_METHOD_MATCH = YES;
				"CODE_SIGN_IDENTITY[sdk=iphoneos*]" = "iPhone Developer";
				COPY_PHASE_STRIP = NO;
				DEBUG_INFORMATION_FORMAT = "dwarf-with-dsym";
				ENABLE_STRICT_OBJC_MSGSEND = YES;
				GCC_C_LANGUAGE_STANDARD = gnu99;
				GCC_DYNAMIC_NO_PIC = NO;
				GCC_NO_COMMON_BLOCKS = YES;
				GCC_OPTIMIZATION_LEVEL = 0;
				GCC_PREPROCESSOR_DEFINITIONS = (
					"DEBUG=1",
					"$(inherited)",
				);
				GCC_SYMBOLS_PRIVATE_EXTERN = NO;
				GCC_WARN_64_TO_32_BIT_CONVERSION = YES;
				GCC_WARN_ABOUT_RETURN_TYPE = YES_ERROR;
				GCC_WARN_UNDECLARED_SELECTOR = YES;
				GCC_WARN_UNINITIALIZED_AUTOS = YES_AGGRESSIVE;
				GCC_WARN_UNUSED_FUNCTION = YES;
				GCC_WARN_UNUSED_VARIABLE = YES;
				IPHONEOS_DEPLOYMENT_TARGET = 8.0;
				MTL_ENABLE_DEBUG_INFO = YES;
				ONLY_ACTIVE_ARCH = YES;
				SDKROOT = iphoneos;
				SWIFT_OPTIMIZATION_LEVEL = "-Onone";
				TARGETED_DEVICE_FAMILY = "1,2";
			};
			name = Debug;
		};
		D9822CAC1AE584CD00A1E988 /* Release */ = {
			isa = XCBuildConfiguration;
			buildSettings = {
				ALWAYS_SEARCH_USER_PATHS = NO;
				CLANG_CXX_LANGUAGE_STANDARD = "gnu++0x";
				CLANG_CXX_LIBRARY = "libc++";
				CLANG_ENABLE_MODULES = YES;
				CLANG_ENABLE_OBJC_ARC = YES;
				CLANG_WARN_BOOL_CONVERSION = YES;
				CLANG_WARN_CONSTANT_CONVERSION = YES;
				CLANG_WARN_DIRECT_OBJC_ISA_USAGE = YES_ERROR;
				CLANG_WARN_EMPTY_BODY = YES;
				CLANG_WARN_ENUM_CONVERSION = YES;
				CLANG_WARN_INT_CONVERSION = YES;
				CLANG_WARN_OBJC_ROOT_CLASS = YES_ERROR;
				CLANG_WARN_UNREACHABLE_CODE = YES;
				CLANG_WARN__DUPLICATE_METHOD_MATCH = YES;
				"CODE_SIGN_IDENTITY[sdk=iphoneos*]" = "iPhone Developer";
				COPY_PHASE_STRIP = NO;
				DEBUG_INFORMATION_FORMAT = "dwarf-with-dsym";
				ENABLE_NS_ASSERTIONS = NO;
				ENABLE_STRICT_OBJC_MSGSEND = YES;
				GCC_C_LANGUAGE_STANDARD = gnu99;
				GCC_NO_COMMON_BLOCKS = YES;
				GCC_WARN_64_TO_32_BIT_CONVERSION = YES;
				GCC_WARN_ABOUT_RETURN_TYPE = YES_ERROR;
				GCC_WARN_UNDECLARED_SELECTOR = YES;
				GCC_WARN_UNINITIALIZED_AUTOS = YES_AGGRESSIVE;
				GCC_WARN_UNUSED_FUNCTION = YES;
				GCC_WARN_UNUSED_VARIABLE = YES;
				IPHONEOS_DEPLOYMENT_TARGET = 8.0;
				MTL_ENABLE_DEBUG_INFO = NO;
				SDKROOT = iphoneos;
				TARGETED_DEVICE_FAMILY = "1,2";
				VALIDATE_PRODUCT = YES;
			};
			name = Release;
		};
		D9822CAE1AE584CD00A1E988 /* Debug */ = {
			isa = XCBuildConfiguration;
			buildSettings = {
				ASSETCATALOG_COMPILER_APPICON_NAME = AppIcon;
				ASSETCATALOG_COMPILER_LAUNCHIMAGE_NAME = LaunchImage;
				INFOPLIST_FILE = "Joseph Duffy/Info.plist";
				LD_RUNPATH_SEARCH_PATHS = "$(inherited) @executable_path/Frameworks";
				PRODUCT_NAME = "$(TARGET_NAME)";
			};
			name = Debug;
		};
		D9822CAF1AE584CD00A1E988 /* Release */ = {
			isa = XCBuildConfiguration;
			buildSettings = {
				ASSETCATALOG_COMPILER_APPICON_NAME = AppIcon;
				ASSETCATALOG_COMPILER_LAUNCHIMAGE_NAME = LaunchImage;
				INFOPLIST_FILE = "Joseph Duffy/Info.plist";
				LD_RUNPATH_SEARCH_PATHS = "$(inherited) @executable_path/Frameworks";
				PRODUCT_NAME = "$(TARGET_NAME)";
			};
			name = Release;
		};
		D9822CB11AE584CD00A1E988 /* Debug */ = {
			isa = XCBuildConfiguration;
			buildSettings = {
				BUNDLE_LOADER = "$(TEST_HOST)";
				FRAMEWORK_SEARCH_PATHS = (
					"$(SDKROOT)/Developer/Library/Frameworks",
					"$(inherited)",
				);
				GCC_PREPROCESSOR_DEFINITIONS = (
					"DEBUG=1",
					"$(inherited)",
				);
				INFOPLIST_FILE = "Joseph DuffyTests/Info.plist";
				LD_RUNPATH_SEARCH_PATHS = "$(inherited) @executable_path/Frameworks @loader_path/Frameworks";
				PRODUCT_NAME = "$(TARGET_NAME)";
				TEST_HOST = "$(BUILT_PRODUCTS_DIR)/Joseph Duffy.app/Joseph Duffy";
			};
			name = Debug;
		};
		D9822CB21AE584CD00A1E988 /* Release */ = {
			isa = XCBuildConfiguration;
			buildSettings = {
				BUNDLE_LOADER = "$(TEST_HOST)";
				FRAMEWORK_SEARCH_PATHS = (
					"$(SDKROOT)/Developer/Library/Frameworks",
					"$(inherited)",
				);
				INFOPLIST_FILE = "Joseph DuffyTests/Info.plist";
				LD_RUNPATH_SEARCH_PATHS = "$(inherited) @executable_path/Frameworks @loader_path/Frameworks";
				PRODUCT_NAME = "$(TARGET_NAME)";
				TEST_HOST = "$(BUILT_PRODUCTS_DIR)/Joseph Duffy.app/Joseph Duffy";
			};
			name = Release;
		};
/* End XCBuildConfiguration section */

/* Begin XCConfigurationList section */
		D9822C891AE584CD00A1E988 /* Build configuration list for PBXProject "Joseph Duffy" */ = {
			isa = XCConfigurationList;
			buildConfigurations = (
				D9822CAB1AE584CD00A1E988 /* Debug */,
				D9822CAC1AE584CD00A1E988 /* Release */,
			);
			defaultConfigurationIsVisible = 0;
			defaultConfigurationName = Release;
		};
		D9822CAD1AE584CD00A1E988 /* Build configuration list for PBXNativeTarget "Joseph Duffy" */ = {
			isa = XCConfigurationList;
			buildConfigurations = (
				D9822CAE1AE584CD00A1E988 /* Debug */,
				D9822CAF1AE584CD00A1E988 /* Release */,
			);
			defaultConfigurationIsVisible = 0;
			defaultConfigurationName = Release;
		};
		D9822CB01AE584CD00A1E988 /* Build configuration list for PBXNativeTarget "Joseph DuffyTests" */ = {
			isa = XCConfigurationList;
			buildConfigurations = (
				D9822CB11AE584CD00A1E988 /* Debug */,
				D9822CB21AE584CD00A1E988 /* Release */,
			);
			defaultConfigurationIsVisible = 0;
			defaultConfigurationName = Release;
		};
/* End XCConfigurationList section */
	};
	rootObject = D9822C861AE584CD00A1E988 /* Project object */;
}
